
Microsoft Visual Studio Solution File, Format Version 12.00
# Visual Studio 2013
Project("{FAE04EC0-301F-11D3-BF4B-00C04F79EFBC}") = "UnityVS.Dunkleosteus.CSharp.Plugins", "UnityVS.Dunkleosteus.CSharp.Plugins.csproj", "{1F097641-2879-0CE6-85B8-A76712DA72AD}"
EndProject
Project("{FAE04EC0-301F-11D3-BF4B-00C04F79EFBC}") = "UnityVS.Dunkleosteus.CSharp", "UnityVS.Dunkleosteus.CSharp.csproj", "{F7CF2441-6FCB-73F9-690D-E266DF70F9B0}"
EndProject
Project("{FAE04EC0-301F-11D3-BF4B-00C04F79EFBC}") = "UnityVS.Dunkleosteus.CSharp.Editor", "UnityVS.Dunkleosteus.CSharp.Editor.csproj", "{71CFD22A-19F6-4EAD-047E-FAA243232671}"
EndProject
Global
	GlobalSection(SolutionConfigurationPlatforms) = preSolution
		Debug|Any CPU = Debug|Any CPU
		Release|Any CPU = Release|Any CPU
	EndGlobalSection
	GlobalSection(ProjectConfigurationPlatforms) = postSolution
		{1F097641-2879-0CE6-85B8-A76712DA72AD}.Debug|Any CPU.ActiveCfg = Debug|Any CPU
		{1F097641-2879-0CE6-85B8-A76712DA72AD}.Debug|Any CPU.Build.0 = Debug|Any CPU
		{1F097641-2879-0CE6-85B8-A76712DA72AD}.Release|Any CPU.ActiveCfg = Release|Any CPU
		{1F097641-2879-0CE6-85B8-A76712DA72AD}.Release|Any CPU.Build.0 = Release|Any CPU
		{F7CF2441-6FCB-73F9-690D-E266DF70F9B0}.Debug|Any CPU.ActiveCfg = Debug|Any CPU
		{F7CF2441-6FCB-73F9-690D-E266DF70F9B0}.Debug|Any CPU.Build.0 = Debug|Any CPU
		{F7CF2441-6FCB-73F9-690D-E266DF70F9B0}.Release|Any CPU.ActiveCfg = Release|Any CPU
		{F7CF2441-6FCB-73F9-690D-E266DF70F9B0}.Release|Any CPU.Build.0 = Release|Any CPU
		{71CFD22A-19F6-4EAD-047E-FAA243232671}.Debug|Any CPU.ActiveCfg = Debug|Any CPU
		{71CFD22A-19F6-4EAD-047E-FAA243232671}.Debug|Any CPU.Build.0 = Debug|Any CPU
		{71CFD22A-19F6-4EAD-047E-FAA243232671}.Release|Any CPU.ActiveCfg = Release|Any CPU
		{71CFD22A-19F6-4EAD-047E-FAA243232671}.Release|Any CPU.Build.0 = Release|Any CPU
	EndGlobalSection
	GlobalSection(SolutionProperties) = preSolution
		HideSolutionNode = FALSE
	EndGlobalSection
EndGlobal
